
Microsoft Visual Studio Solution File, Format Version 12.00
# Visual Studio 15
VisualStudioVersion = 15.0.28307.645
MinimumVisualStudioVersion = 10.0.40219.1
Project("{FAE04EC0-301F-11D3-BF4B-00C04F79EFBC}") = "BDViajero", "BDViajero\BDViajero.csproj", "{0059BC78-5C6B-4DFA-9698-E858C9A63EB8}"
EndProject
Project("{FAE04EC0-301F-11D3-BF4B-00C04F79EFBC}") = "WebAgencia", "WebAgencia\WebAgencia.csproj", "{9AD6DC42-5B1D-4249-B437-43D00181DF27}"
EndProject
Global
	GlobalSection(SolutionConfigurationPlatforms) = preSolution
		Debug|Any CPU = Debug|Any CPU
		Release|Any CPU = Release|Any CPU
	EndGlobalSection
	GlobalSection(ProjectConfigurationPlatforms) = postSolution
		{0059BC78-5C6B-4DFA-9698-E858C9A63EB8}.Debug|Any CPU.ActiveCfg = Debug|Any CPU
		{0059BC78-5C6B-4DFA-9698-E858C9A63EB8}.Debug|Any CPU.Build.0 = Debug|Any CPU
		{0059BC78-5C6B-4DFA-9698-E858C9A63EB8}.Release|Any CPU.ActiveCfg = Release|Any CPU
		{0059BC78-5C6B-4DFA-9698-E858C9A63EB8}.Release|Any CPU.Build.0 = Release|Any CPU
		{9AD6DC42-5B1D-4249-B437-43D00181DF27}.Debug|Any CPU.ActiveCfg = Debug|Any CPU
		{9AD6DC42-5B1D-4249-B437-43D00181DF27}.Debug|Any CPU.Build.0 = Debug|Any CPU
		{9AD6DC42-5B1D-4249-B437-43D00181DF27}.Release|Any CPU.ActiveCfg = Release|Any CPU
		{9AD6DC42-5B1D-4249-B437-43D00181DF27}.Release|Any CPU.Build.0 = Release|Any CPU
	EndGlobalSection
	GlobalSection(SolutionProperties) = preSolution
		HideSolutionNode = FALSE
	EndGlobalSection
	GlobalSection(ExtensibilityGlobals) = postSolution
		SolutionGuid = {B8B7CF3E-0543-44C8-B172-062D2EE7BD9A}
	EndGlobalSection
EndGlobal
